// !$*UTF8*$!
{
	archiveVersion = 1;
	classes = {
	};
	objectVersion = 50;
	objects = {

/* Begin PBXBuildFile section */
		086A2E36896E52099557FD87 /* Pods_GGULUEUITests.framework in Frameworks */ = {isa = PBXBuildFile; fileRef = 7C6AB1DC83DB6908454C0D92 /* Pods_GGULUEUITests.framework */; };
		156AD21621142C7300732D98 /* FavoriteTableViewCell.swift in Sources */ = {isa = PBXBuildFile; fileRef = 156AD21521142C7300732D98 /* FavoriteTableViewCell.swift */; };
		159C9DBE210F7883007E808C /* LectureListStoryboard.storyboard in Resources */ = {isa = PBXBuildFile; fileRef = 159C9DBD210F7883007E808C /* LectureListStoryboard.storyboard */; };
		159C9DC0210F7CA8007E808C /* FavoriteStoryboard.storyboard in Resources */ = {isa = PBXBuildFile; fileRef = 159C9DBF210F7CA8007E808C /* FavoriteStoryboard.storyboard */; };
		159C9DC2210F7D25007E808C /* FavoriteListViewController.swift in Sources */ = {isa = PBXBuildFile; fileRef = 159C9DC1210F7D25007E808C /* FavoriteListViewController.swift */; };
		159C9DC4210F8629007E808C /* algorithmStoryboard.storyboard in Resources */ = {isa = PBXBuildFile; fileRef = 159C9DC3210F8629007E808C /* algorithmStoryboard.storyboard */; };
		159C9DC6210F86A9007E808C /* algorithmViewController.swift in Sources */ = {isa = PBXBuildFile; fileRef = 159C9DC5210F86A9007E808C /* algorithmViewController.swift */; };
		15A14453210FA168000CE2F9 /* TimeTableStoryboard.storyboard in Resources */ = {isa = PBXBuildFile; fileRef = 15A14452210FA168000CE2F9 /* TimeTableStoryboard.storyboard */; };
		15A14455210FA781000CE2F9 /* TimeTableViewController.swift in Sources */ = {isa = PBXBuildFile; fileRef = 15A14454210FA781000CE2F9 /* TimeTableViewController.swift */; };
		15AC7B2A211C123700462680 /* TKRadarChart.swift in Sources */ = {isa = PBXBuildFile; fileRef = 15AC7B29211C123700462680 /* TKRadarChart.swift */; };
		15AC7B2C211C12EC00462680 /* RadarChartViewController.swift in Sources */ = {isa = PBXBuildFile; fileRef = 15AC7B2B211C12EC00462680 /* RadarChartViewController.swift */; };
		15D530462108DF6200090039 /* AppDelegate.swift in Sources */ = {isa = PBXBuildFile; fileRef = 15D530452108DF6200090039 /* AppDelegate.swift */; };
		15D530482108DF6200090039 /* ViewController.swift in Sources */ = {isa = PBXBuildFile; fileRef = 15D530472108DF6200090039 /* ViewController.swift */; };
		15D5304B2108DF6200090039 /* Main.storyboard in Resources */ = {isa = PBXBuildFile; fileRef = 15D530492108DF6200090039 /* Main.storyboard */; };
		15D5304D2108DF8300090039 /* Assets.xcassets in Resources */ = {isa = PBXBuildFile; fileRef = 15D5304C2108DF8300090039 /* Assets.xcassets */; };
		15D530502108DF8300090039 /* LaunchScreen.storyboard in Resources */ = {isa = PBXBuildFile; fileRef = 15D5304E2108DF8300090039 /* LaunchScreen.storyboard */; };
		15D5305B2108DF8400090039 /* GGULUETests.swift in Sources */ = {isa = PBXBuildFile; fileRef = 15D5305A2108DF8400090039 /* GGULUETests.swift */; };
		15D530662108DF8400090039 /* GGULUEUITests.swift in Sources */ = {isa = PBXBuildFile; fileRef = 15D530652108DF8400090039 /* GGULUEUITests.swift */; };
		15D530742108E33500090039 /* LectureListViewController.swift in Sources */ = {isa = PBXBuildFile; fileRef = 15D530732108E33500090039 /* LectureListViewController.swift */; };
		15D530762108E34900090039 /* ValueManager.swift in Sources */ = {isa = PBXBuildFile; fileRef = 15D530752108E34900090039 /* ValueManager.swift */; };
		15D530782108FD4700090039 /* LectureDetailViewController.swift in Sources */ = {isa = PBXBuildFile; fileRef = 15D530772108FD4700090039 /* LectureDetailViewController.swift */; };
		15E780822111A46A002C76C6 /* AllLectureViewController.swift in Sources */ = {isa = PBXBuildFile; fileRef = 15E780812111A46A002C76C6 /* AllLectureViewController.swift */; };
		24B0746FB1301B7A08B77B24 /* Pods_GGULUE.framework in Frameworks */ = {isa = PBXBuildFile; fileRef = 53F7BCC9C1C0AA3A1FB8491E /* Pods_GGULUE.framework */; };
		73029644093F7E0CCB0748FB /* Pods_GGULUETests.framework in Frameworks */ = {isa = PBXBuildFile; fileRef = FF6C59D937663E92A59D9800 /* Pods_GGULUETests.framework */; };
/* End PBXBuildFile section */

/* Begin PBXContainerItemProxy section */
		15D530572108DF8400090039 /* PBXContainerItemProxy */ = {
			isa = PBXContainerItemProxy;
			containerPortal = 15D5303A2108DF6200090039 /* Project object */;
			proxyType = 1;
			remoteGlobalIDString = 15D530412108DF6200090039;
			remoteInfo = GGULUE;
		};
		15D530622108DF8400090039 /* PBXContainerItemProxy */ = {
			isa = PBXContainerItemProxy;
			containerPortal = 15D5303A2108DF6200090039 /* Project object */;
			proxyType = 1;
			remoteGlobalIDString = 15D530412108DF6200090039;
			remoteInfo = GGULUE;
		};
/* End PBXContainerItemProxy section */

/* Begin PBXFileReference section */
		156AD21521142C7300732D98 /* FavoriteTableViewCell.swift */ = {isa = PBXFileReference; lastKnownFileType = sourcecode.swift; path = FavoriteTableViewCell.swift; sourceTree = "<group>"; };
		159C9DBD210F7883007E808C /* LectureListStoryboard.storyboard */ = {isa = PBXFileReference; lastKnownFileType = file.storyboard; path = LectureListStoryboard.storyboard; sourceTree = "<group>"; };
		159C9DBF210F7CA8007E808C /* FavoriteStoryboard.storyboard */ = {isa = PBXFileReference; lastKnownFileType = file.storyboard; path = FavoriteStoryboard.storyboard; sourceTree = "<group>"; };
		159C9DC1210F7D25007E808C /* FavoriteListViewController.swift */ = {isa = PBXFileReference; lastKnownFileType = sourcecode.swift; path = FavoriteListViewController.swift; sourceTree = "<group>"; };
		159C9DC3210F8629007E808C /* algorithmStoryboard.storyboard */ = {isa = PBXFileReference; lastKnownFileType = file.storyboard; path = algorithmStoryboard.storyboard; sourceTree = "<group>"; };
		159C9DC5210F86A9007E808C /* algorithmViewController.swift */ = {isa = PBXFileReference; lastKnownFileType = sourcecode.swift; path = algorithmViewController.swift; sourceTree = "<group>"; };
		15A14452210FA168000CE2F9 /* TimeTableStoryboard.storyboard */ = {isa = PBXFileReference; lastKnownFileType = file.storyboard; path = TimeTableStoryboard.storyboard; sourceTree = "<group>"; };
		15A14454210FA781000CE2F9 /* TimeTableViewController.swift */ = {isa = PBXFileReference; lastKnownFileType = sourcecode.swift; path = TimeTableViewController.swift; sourceTree = "<group>"; };
		15AC7B29211C123700462680 /* TKRadarChart.swift */ = {isa = PBXFileReference; fileEncoding = 4; lastKnownFileType = sourcecode.swift; name = TKRadarChart.swift; path = Pods/TKRadarChart/TKRadarChart/TKRadarChart.swift; sourceTree = SOURCE_ROOT; };
		15AC7B2B211C12EC00462680 /* RadarChartViewController.swift */ = {isa = PBXFileReference; lastKnownFileType = sourcecode.swift; path = RadarChartViewController.swift; sourceTree = "<group>"; };
		15D530422108DF6200090039 /* GGULUE.app */ = {isa = PBXFileReference; explicitFileType = wrapper.application; includeInIndex = 0; path = GGULUE.app; sourceTree = BUILT_PRODUCTS_DIR; };
		15D530452108DF6200090039 /* AppDelegate.swift */ = {isa = PBXFileReference; lastKnownFileType = sourcecode.swift; path = AppDelegate.swift; sourceTree = "<group>"; };
		15D530472108DF6200090039 /* ViewController.swift */ = {isa = PBXFileReference; lastKnownFileType = sourcecode.swift; path = ViewController.swift; sourceTree = "<group>"; };
		15D5304A2108DF6200090039 /* Base */ = {isa = PBXFileReference; lastKnownFileType = file.storyboard; name = Base; path = Base.lproj/Main.storyboard; sourceTree = "<group>"; };
		15D5304C2108DF8300090039 /* Assets.xcassets */ = {isa = PBXFileReference; lastKnownFileType = folder.assetcatalog; path = Assets.xcassets; sourceTree = "<group>"; };
		15D5304F2108DF8300090039 /* Base */ = {isa = PBXFileReference; lastKnownFileType = file.storyboard; name = Base; path = Base.lproj/LaunchScreen.storyboard; sourceTree = "<group>"; };
		15D530512108DF8300090039 /* Info.plist */ = {isa = PBXFileReference; lastKnownFileType = text.plist.xml; path = Info.plist; sourceTree = "<group>"; };
		15D530562108DF8400090039 /* GGULUETests.xctest */ = {isa = PBXFileReference; explicitFileType = wrapper.cfbundle; includeInIndex = 0; path = GGULUETests.xctest; sourceTree = BUILT_PRODUCTS_DIR; };
		15D5305A2108DF8400090039 /* GGULUETests.swift */ = {isa = PBXFileReference; lastKnownFileType = sourcecode.swift; path = GGULUETests.swift; sourceTree = "<group>"; };
		15D5305C2108DF8400090039 /* Info.plist */ = {isa = PBXFileReference; lastKnownFileType = text.plist.xml; path = Info.plist; sourceTree = "<group>"; };
		15D530612108DF8400090039 /* GGULUEUITests.xctest */ = {isa = PBXFileReference; explicitFileType = wrapper.cfbundle; includeInIndex = 0; path = GGULUEUITests.xctest; sourceTree = BUILT_PRODUCTS_DIR; };
		15D530652108DF8400090039 /* GGULUEUITests.swift */ = {isa = PBXFileReference; lastKnownFileType = sourcecode.swift; path = GGULUEUITests.swift; sourceTree = "<group>"; };
		15D530672108DF8400090039 /* Info.plist */ = {isa = PBXFileReference; lastKnownFileType = text.plist.xml; path = Info.plist; sourceTree = "<group>"; };
		15D530732108E33500090039 /* LectureListViewController.swift */ = {isa = PBXFileReference; lastKnownFileType = sourcecode.swift; path = LectureListViewController.swift; sourceTree = "<group>"; };
		15D530752108E34900090039 /* ValueManager.swift */ = {isa = PBXFileReference; lastKnownFileType = sourcecode.swift; path = ValueManager.swift; sourceTree = "<group>"; };
		15D530772108FD4700090039 /* LectureDetailViewController.swift */ = {isa = PBXFileReference; lastKnownFileType = sourcecode.swift; path = LectureDetailViewController.swift; sourceTree = "<group>"; };
		15E780812111A46A002C76C6 /* AllLectureViewController.swift */ = {isa = PBXFileReference; lastKnownFileType = sourcecode.swift; path = AllLectureViewController.swift; sourceTree = "<group>"; };
		53F7BCC9C1C0AA3A1FB8491E /* Pods_GGULUE.framework */ = {isa = PBXFileReference; explicitFileType = wrapper.framework; includeInIndex = 0; path = Pods_GGULUE.framework; sourceTree = BUILT_PRODUCTS_DIR; };
		59891913DDAC69F2781ED064 /* Pods-GGULUEUITests.debug.xcconfig */ = {isa = PBXFileReference; includeInIndex = 1; lastKnownFileType = text.xcconfig; name = "Pods-GGULUEUITests.debug.xcconfig"; path = "Pods/Target Support Files/Pods-GGULUEUITests/Pods-GGULUEUITests.debug.xcconfig"; sourceTree = "<group>"; };
		5D78C5892488D8C4B2AC6E05 /* Pods-GGULUE.debug.xcconfig */ = {isa = PBXFileReference; includeInIndex = 1; lastKnownFileType = text.xcconfig; name = "Pods-GGULUE.debug.xcconfig"; path = "Pods/Target Support Files/Pods-GGULUE/Pods-GGULUE.debug.xcconfig"; sourceTree = "<group>"; };
		62D721229DA15BDC8E79FAAF /* Pods-GGULUE.release.xcconfig */ = {isa = PBXFileReference; includeInIndex = 1; lastKnownFileType = text.xcconfig; name = "Pods-GGULUE.release.xcconfig"; path = "Pods/Target Support Files/Pods-GGULUE/Pods-GGULUE.release.xcconfig"; sourceTree = "<group>"; };
		7C6AB1DC83DB6908454C0D92 /* Pods_GGULUEUITests.framework */ = {isa = PBXFileReference; explicitFileType = wrapper.framework; includeInIndex = 0; path = Pods_GGULUEUITests.framework; sourceTree = BUILT_PRODUCTS_DIR; };
		8AD70DE4A64483766466DC72 /* Pods-GGULUETests.release.xcconfig */ = {isa = PBXFileReference; includeInIndex = 1; lastKnownFileType = text.xcconfig; name = "Pods-GGULUETests.release.xcconfig"; path = "Pods/Target Support Files/Pods-GGULUETests/Pods-GGULUETests.release.xcconfig"; sourceTree = "<group>"; };
		F14FB466257E1AAD48E3786C /* Pods-GGULUEUITests.release.xcconfig */ = {isa = PBXFileReference; includeInIndex = 1; lastKnownFileType = text.xcconfig; name = "Pods-GGULUEUITests.release.xcconfig"; path = "Pods/Target Support Files/Pods-GGULUEUITests/Pods-GGULUEUITests.release.xcconfig"; sourceTree = "<group>"; };
		F6E8A28EDD05EAE61F6422ED /* Pods-GGULUETests.debug.xcconfig */ = {isa = PBXFileReference; includeInIndex = 1; lastKnownFileType = text.xcconfig; name = "Pods-GGULUETests.debug.xcconfig"; path = "Pods/Target Support Files/Pods-GGULUETests/Pods-GGULUETests.debug.xcconfig"; sourceTree = "<group>"; };
		FF6C59D937663E92A59D9800 /* Pods_GGULUETests.framework */ = {isa = PBXFileReference; explicitFileType = wrapper.framework; includeInIndex = 0; path = Pods_GGULUETests.framework; sourceTree = BUILT_PRODUCTS_DIR; };
/* End PBXFileReference section */

/* Begin PBXFrameworksBuildPhase section */
		15D5303F2108DF6200090039 /* Frameworks */ = {
			isa = PBXFrameworksBuildPhase;
			buildActionMask = 2147483647;
			files = (
				24B0746FB1301B7A08B77B24 /* Pods_GGULUE.framework in Frameworks */,
			);
			runOnlyForDeploymentPostprocessing = 0;
		};
		15D530532108DF8400090039 /* Frameworks */ = {
			isa = PBXFrameworksBuildPhase;
			buildActionMask = 2147483647;
			files = (
				73029644093F7E0CCB0748FB /* Pods_GGULUETests.framework in Frameworks */,
			);
			runOnlyForDeploymentPostprocessing = 0;
		};
		15D5305E2108DF8400090039 /* Frameworks */ = {
			isa = PBXFrameworksBuildPhase;
			buildActionMask = 2147483647;
			files = (
				086A2E36896E52099557FD87 /* Pods_GGULUEUITests.framework in Frameworks */,
			);
			runOnlyForDeploymentPostprocessing = 0;
		};
/* End PBXFrameworksBuildPhase section */

/* Begin PBXGroup section */
		15D530392108DF6200090039 = {
			isa = PBXGroup;
			children = (
				15D530442108DF6200090039 /* GGULUE */,
				15D530592108DF8400090039 /* GGULUETests */,
				15D530642108DF8400090039 /* GGULUEUITests */,
				15D530432108DF6200090039 /* Products */,
				79477856F37237EACF57D1A2 /* Pods */,
				CFE4F40A05958C5DEFFF1148 /* Frameworks */,
			);
			sourceTree = "<group>";
		};
		15D530432108DF6200090039 /* Products */ = {
			isa = PBXGroup;
			children = (
				15D530422108DF6200090039 /* GGULUE.app */,
				15D530562108DF8400090039 /* GGULUETests.xctest */,
				15D530612108DF8400090039 /* GGULUEUITests.xctest */,
			);
			name = Products;
			sourceTree = "<group>";
		};
		15D530442108DF6200090039 /* GGULUE */ = {
			isa = PBXGroup;
			children = (
				15AC7B29211C123700462680 /* TKRadarChart.swift */,
				15D530452108DF6200090039 /* AppDelegate.swift */,
				15D530472108DF6200090039 /* ViewController.swift */,
				15D530492108DF6200090039 /* Main.storyboard */,
				15A14452210FA168000CE2F9 /* TimeTableStoryboard.storyboard */,
				159C9DC3210F8629007E808C /* algorithmStoryboard.storyboard */,
				159C9DBF210F7CA8007E808C /* FavoriteStoryboard.storyboard */,
				159C9DBD210F7883007E808C /* LectureListStoryboard.storyboard */,
				15AC7B2B211C12EC00462680 /* RadarChartViewController.swift */,
				156AD21521142C7300732D98 /* FavoriteTableViewCell.swift */,
				15E780812111A46A002C76C6 /* AllLectureViewController.swift */,
				15A14454210FA781000CE2F9 /* TimeTableViewController.swift */,
				159C9DC5210F86A9007E808C /* algorithmViewController.swift */,
				159C9DC1210F7D25007E808C /* FavoriteListViewController.swift */,
				15D530732108E33500090039 /* LectureListViewController.swift */,
				15D530772108FD4700090039 /* LectureDetailViewController.swift */,
				15D530752108E34900090039 /* ValueManager.swift */,
				15D5304C2108DF8300090039 /* Assets.xcassets */,
				15D5304E2108DF8300090039 /* LaunchScreen.storyboard */,
				15D530512108DF8300090039 /* Info.plist */,
			);
			path = GGULUE;
			sourceTree = "<group>";
		};
		15D530592108DF8400090039 /* GGULUETests */ = {
			isa = PBXGroup;
			children = (
				15D5305A2108DF8400090039 /* GGULUETests.swift */,
				15D5305C2108DF8400090039 /* Info.plist */,
			);
			path = GGULUETests;
			sourceTree = "<group>";
		};
		15D530642108DF8400090039 /* GGULUEUITests */ = {
			isa = PBXGroup;
			children = (
				15D530652108DF8400090039 /* GGULUEUITests.swift */,
				15D530672108DF8400090039 /* Info.plist */,
			);
			path = GGULUEUITests;
			sourceTree = "<group>";
		};
		79477856F37237EACF57D1A2 /* Pods */ = {
			isa = PBXGroup;
			children = (
				5D78C5892488D8C4B2AC6E05 /* Pods-GGULUE.debug.xcconfig */,
				62D721229DA15BDC8E79FAAF /* Pods-GGULUE.release.xcconfig */,
				F6E8A28EDD05EAE61F6422ED /* Pods-GGULUETests.debug.xcconfig */,
				8AD70DE4A64483766466DC72 /* Pods-GGULUETests.release.xcconfig */,
				59891913DDAC69F2781ED064 /* Pods-GGULUEUITests.debug.xcconfig */,
				F14FB466257E1AAD48E3786C /* Pods-GGULUEUITests.release.xcconfig */,
			);
			name = Pods;
			sourceTree = "<group>";
		};
		CFE4F40A05958C5DEFFF1148 /* Frameworks */ = {
			isa = PBXGroup;
			children = (
				53F7BCC9C1C0AA3A1FB8491E /* Pods_GGULUE.framework */,
				FF6C59D937663E92A59D9800 /* Pods_GGULUETests.framework */,
				7C6AB1DC83DB6908454C0D92 /* Pods_GGULUEUITests.framework */,
			);
			name = Frameworks;
			sourceTree = "<group>";
		};
/* End PBXGroup section */

/* Begin PBXNativeTarget section */
		15D530412108DF6200090039 /* GGULUE */ = {
			isa = PBXNativeTarget;
			buildConfigurationList = 15D5306A2108DF8400090039 /* Build configuration list for PBXNativeTarget "GGULUE" */;
			buildPhases = (
				34F2D2D6B7BE223A9FE3E65A /* [CP] Check Pods Manifest.lock */,
				15D5303E2108DF6200090039 /* Sources */,
				15D5303F2108DF6200090039 /* Frameworks */,
				15D530402108DF6200090039 /* Resources */,
				32AB6A49B74DF4CC29CB9B59 /* [CP] Embed Pods Frameworks */,
			);
			buildRules = (
			);
			dependencies = (
			);
			name = GGULUE;
			productName = GGULUE;
			productReference = 15D530422108DF6200090039 /* GGULUE.app */;
			productType = "com.apple.product-type.application";
		};
		15D530552108DF8400090039 /* GGULUETests */ = {
			isa = PBXNativeTarget;
			buildConfigurationList = 15D5306D2108DF8400090039 /* Build configuration list for PBXNativeTarget "GGULUETests" */;
			buildPhases = (
				A859325F081B9601E81BBADF /* [CP] Check Pods Manifest.lock */,
				15D530522108DF8400090039 /* Sources */,
				15D530532108DF8400090039 /* Frameworks */,
				15D530542108DF8400090039 /* Resources */,
			);
			buildRules = (
			);
			dependencies = (
				15D530582108DF8400090039 /* PBXTargetDependency */,
			);
			name = GGULUETests;
			productName = GGULUETests;
			productReference = 15D530562108DF8400090039 /* GGULUETests.xctest */;
			productType = "com.apple.product-type.bundle.unit-test";
		};
		15D530602108DF8400090039 /* GGULUEUITests */ = {
			isa = PBXNativeTarget;
			buildConfigurationList = 15D530702108DF8400090039 /* Build configuration list for PBXNativeTarget "GGULUEUITests" */;
			buildPhases = (
				FB1A899BAC522BE38C66F00B /* [CP] Check Pods Manifest.lock */,
				15D5305D2108DF8400090039 /* Sources */,
				15D5305E2108DF8400090039 /* Frameworks */,
				15D5305F2108DF8400090039 /* Resources */,
			);
			buildRules = (
			);
			dependencies = (
				15D530632108DF8400090039 /* PBXTargetDependency */,
			);
			name = GGULUEUITests;
			productName = GGULUEUITests;
			productReference = 15D530612108DF8400090039 /* GGULUEUITests.xctest */;
			productType = "com.apple.product-type.bundle.ui-testing";
		};
/* End PBXNativeTarget section */

/* Begin PBXProject section */
		15D5303A2108DF6200090039 /* Project object */ = {
			isa = PBXProject;
			attributes = {
				LastSwiftUpdateCheck = 0940;
				LastUpgradeCheck = 0940;
				ORGANIZATIONNAME = GGULUE;
				TargetAttributes = {
					15D530412108DF6200090039 = {
						CreatedOnToolsVersion = 9.4.1;
					};
					15D530552108DF8400090039 = {
						CreatedOnToolsVersion = 9.4.1;
						TestTargetID = 15D530412108DF6200090039;
					};
					15D530602108DF8400090039 = {
						CreatedOnToolsVersion = 9.4.1;
						TestTargetID = 15D530412108DF6200090039;
					};
				};
			};
			buildConfigurationList = 15D5303D2108DF6200090039 /* Build configuration list for PBXProject "GGULUE" */;
			compatibilityVersion = "Xcode 9.3";
			developmentRegion = en;
			hasScannedForEncodings = 0;
			knownRegions = (
				en,
				Base,
			);
			mainGroup = 15D530392108DF6200090039;
			productRefGroup = 15D530432108DF6200090039 /* Products */;
			projectDirPath = "";
			projectRoot = "";
			targets = (
				15D530412108DF6200090039 /* GGULUE */,
				15D530552108DF8400090039 /* GGULUETests */,
				15D530602108DF8400090039 /* GGULUEUITests */,
			);
		};
/* End PBXProject section */

/* Begin PBXResourcesBuildPhase section */
		15D530402108DF6200090039 /* Resources */ = {
			isa = PBXResourcesBuildPhase;
			buildActionMask = 2147483647;
			files = (
				15A14453210FA168000CE2F9 /* TimeTableStoryboard.storyboard in Resources */,
				159C9DBE210F7883007E808C /* LectureListStoryboard.storyboard in Resources */,
				159C9DC4210F8629007E808C /* algorithmStoryboard.storyboard in Resources */,
				15D530502108DF8300090039 /* LaunchScreen.storyboard in Resources */,
				15D5304D2108DF8300090039 /* Assets.xcassets in Resources */,
				159C9DC0210F7CA8007E808C /* FavoriteStoryboard.storyboard in Resources */,
				15D5304B2108DF6200090039 /* Main.storyboard in Resources */,
			);
			runOnlyForDeploymentPostprocessing = 0;
		};
		15D530542108DF8400090039 /* Resources */ = {
			isa = PBXResourcesBuildPhase;
			buildActionMask = 2147483647;
			files = (
			);
			runOnlyForDeploymentPostprocessing = 0;
		};
		15D5305F2108DF8400090039 /* Resources */ = {
			isa = PBXResourcesBuildPhase;
			buildActionMask = 2147483647;
			files = (
			);
			runOnlyForDeploymentPostprocessing = 0;
		};
/* End PBXResourcesBuildPhase section */

/* Begin PBXShellScriptBuildPhase section */
		32AB6A49B74DF4CC29CB9B59 /* [CP] Embed Pods Frameworks */ = {
			isa = PBXShellScriptBuildPhase;
			buildActionMask = 2147483647;
			files = (
			);
			inputPaths = (
				"${SRCROOT}/Pods/Target Support Files/Pods-GGULUE/Pods-GGULUE-frameworks.sh",
				"${BUILT_PRODUCTS_DIR}/TKRadarChart/TKRadarChart.framework",
			);
			name = "[CP] Embed Pods Frameworks";
			outputPaths = (
				"${TARGET_BUILD_DIR}/${FRAMEWORKS_FOLDER_PATH}/TKRadarChart.framework",
			);
			runOnlyForDeploymentPostprocessing = 0;
			shellPath = /bin/sh;
			shellScript = "\"${SRCROOT}/Pods/Target Support Files/Pods-GGULUE/Pods-GGULUE-frameworks.sh\"\n";
			showEnvVarsInLog = 0;
		};
		34F2D2D6B7BE223A9FE3E65A /* [CP] Check Pods Manifest.lock */ = {
			isa = PBXShellScriptBuildPhase;
			buildActionMask = 2147483647;
			files = (
			);
			inputPaths = (
				"${PODS_PODFILE_DIR_PATH}/Podfile.lock",
				"${PODS_ROOT}/Manifest.lock",
			);
			name = "[CP] Check Pods Manifest.lock";
			outputPaths = (
				"$(DERIVED_FILE_DIR)/Pods-GGULUE-checkManifestLockResult.txt",
			);
			runOnlyForDeploymentPostprocessing = 0;
			shellPath = /bin/sh;
			shellScript = "diff \"${PODS_PODFILE_DIR_PATH}/Podfile.lock\" \"${PODS_ROOT}/Manifest.lock\" > /dev/null\nif [ $? != 0 ] ; then\n    # print error to STDERR\n    echo \"error: The sandbox is not in sync with the Podfile.lock. Run 'pod install' or update your CocoaPods installation.\" >&2\n    exit 1\nfi\n# This output is used by Xcode 'outputs' to avoid re-running this script phase.\necho \"SUCCESS\" > \"${SCRIPT_OUTPUT_FILE_0}\"\n";
			showEnvVarsInLog = 0;
		};
		A859325F081B9601E81BBADF /* [CP] Check Pods Manifest.lock */ = {
			isa = PBXShellScriptBuildPhase;
			buildActionMask = 2147483647;
			files = (
			);
			inputPaths = (
				"${PODS_PODFILE_DIR_PATH}/Podfile.lock",
				"${PODS_ROOT}/Manifest.lock",
			);
			name = "[CP] Check Pods Manifest.lock";
			outputPaths = (
				"$(DERIVED_FILE_DIR)/Pods-GGULUETests-checkManifestLockResult.txt",
			);
			runOnlyForDeploymentPostprocessing = 0;
			shellPath = /bin/sh;
			shellScript = "diff \"${PODS_PODFILE_DIR_PATH}/Podfile.lock\" \"${PODS_ROOT}/Manifest.lock\" > /dev/null\nif [ $? != 0 ] ; then\n    # print error to STDERR\n    echo \"error: The sandbox is not in sync with the Podfile.lock. Run 'pod install' or update your CocoaPods installation.\" >&2\n    exit 1\nfi\n# This output is used by Xcode 'outputs' to avoid re-running this script phase.\necho \"SUCCESS\" > \"${SCRIPT_OUTPUT_FILE_0}\"\n";
			showEnvVarsInLog = 0;
		};
		FB1A899BAC522BE38C66F00B /* [CP] Check Pods Manifest.lock */ = {
			isa = PBXShellScriptBuildPhase;
			buildActionMask = 2147483647;
			files = (
			);
			inputPaths = (
				"${PODS_PODFILE_DIR_PATH}/Podfile.lock",
				"${PODS_ROOT}/Manifest.lock",
			);
			name = "[CP] Check Pods Manifest.lock";
			outputPaths = (
				"$(DERIVED_FILE_DIR)/Pods-GGULUEUITests-checkManifestLockResult.txt",
			);
			runOnlyForDeploymentPostprocessing = 0;
			shellPath = /bin/sh;
			shellScript = "diff \"${PODS_PODFILE_DIR_PATH}/Podfile.lock\" \"${PODS_ROOT}/Manifest.lock\" > /dev/null\nif [ $? != 0 ] ; then\n    # print error to STDERR\n    echo \"error: The sandbox is not in sync with the Podfile.lock. Run 'pod install' or update your CocoaPods installation.\" >&2\n    exit 1\nfi\n# This output is used by Xcode 'outputs' to avoid re-running this script phase.\necho \"SUCCESS\" > \"${SCRIPT_OUTPUT_FILE_0}\"\n";
			showEnvVarsInLog = 0;
		};
/* End PBXShellScriptBuildPhase section */

/* Begin PBXSourcesBuildPhase section */
		15D5303E2108DF6200090039 /* Sources */ = {
			isa = PBXSourcesBuildPhase;
			buildActionMask = 2147483647;
			files = (
				159C9DC6210F86A9007E808C /* algorithmViewController.swift in Sources */,
				15E780822111A46A002C76C6 /* AllLectureViewController.swift in Sources */,
				15D530782108FD4700090039 /* LectureDetailViewController.swift in Sources */,
				15D530742108E33500090039 /* LectureListViewController.swift in Sources */,
				159C9DC2210F7D25007E808C /* FavoriteListViewController.swift in Sources */,
				15D530762108E34900090039 /* ValueManager.swift in Sources */,
				15D530482108DF6200090039 /* ViewController.swift in Sources */,
				15A14455210FA781000CE2F9 /* TimeTableViewController.swift in Sources */,
				15AC7B2C211C12EC00462680 /* RadarChartViewController.swift in Sources */,
				15AC7B2A211C123700462680 /* TKRadarChart.swift in Sources */,
				15D530462108DF6200090039 /* AppDelegate.swift in Sources */,
				156AD21621142C7300732D98 /* FavoriteTableViewCell.swift in Sources */,
			);
			runOnlyForDeploymentPostprocessing = 0;
		};
		15D530522108DF8400090039 /* Sources */ = {
			isa = PBXSourcesBuildPhase;
			buildActionMask = 2147483647;
			files = (
				15D5305B2108DF8400090039 /* GGULUETests.swift in Sources */,
			);
			runOnlyForDeploymentPostprocessing = 0;
		};
		15D5305D2108DF8400090039 /* Sources */ = {
			isa = PBXSourcesBuildPhase;
			buildActionMask = 2147483647;
			files = (
				15D530662108DF8400090039 /* GGULUEUITests.swift in Sources */,
			);
			runOnlyForDeploymentPostprocessing = 0;
		};
/* End PBXSourcesBuildPhase section */

/* Begin PBXTargetDependency section */
		15D530582108DF8400090039 /* PBXTargetDependency */ = {
			isa = PBXTargetDependency;
			target = 15D530412108DF6200090039 /* GGULUE */;
			targetProxy = 15D530572108DF8400090039 /* PBXContainerItemProxy */;
		};
		15D530632108DF8400090039 /* PBXTargetDependency */ = {
			isa = PBXTargetDependency;
			target = 15D530412108DF6200090039 /* GGULUE */;
			targetProxy = 15D530622108DF8400090039 /* PBXContainerItemProxy */;
		};
/* End PBXTargetDependency section */

/* Begin PBXVariantGroup section */
		15D530492108DF6200090039 /* Main.storyboard */ = {
			isa = PBXVariantGroup;
			children = (
				15D5304A2108DF6200090039 /* Base */,
			);
			name = Main.storyboard;
			sourceTree = "<group>";
		};
		15D5304E2108DF8300090039 /* LaunchScreen.storyboard */ = {
			isa = PBXVariantGroup;
			children = (
				15D5304F2108DF8300090039 /* Base */,
			);
			name = LaunchScreen.storyboard;
			sourceTree = "<group>";
		};
/* End PBXVariantGroup section */

/* Begin XCBuildConfiguration section */
		15D530682108DF8400090039 /* Debug */ = {
			isa = XCBuildConfiguration;
			buildSettings = {
				ALWAYS_SEARCH_USER_PATHS = NO;
				CLANG_ANALYZER_NONNULL = YES;
				CLANG_ANALYZER_NUMBER_OBJECT_CONVERSION = YES_AGGRESSIVE;
				CLANG_CXX_LANGUAGE_STANDARD = "gnu++14";
				CLANG_CXX_LIBRARY = "libc++";
				CLANG_ENABLE_MODULES = YES;
				CLANG_ENABLE_OBJC_ARC = YES;
				CLANG_ENABLE_OBJC_WEAK = YES;
				CLANG_WARN_BLOCK_CAPTURE_AUTORELEASING = YES;
				CLANG_WARN_BOOL_CONVERSION = YES;
				CLANG_WARN_COMMA = YES;
				CLANG_WARN_CONSTANT_CONVERSION = YES;
				CLANG_WARN_DEPRECATED_OBJC_IMPLEMENTATIONS = YES;
				CLANG_WARN_DIRECT_OBJC_ISA_USAGE = YES_ERROR;
				CLANG_WARN_DOCUMENTATION_COMMENTS = YES;
				CLANG_WARN_EMPTY_BODY = YES;
				CLANG_WARN_ENUM_CONVERSION = YES;
				CLANG_WARN_INFINITE_RECURSION = YES;
				CLANG_WARN_INT_CONVERSION = YES;
				CLANG_WARN_NON_LITERAL_NULL_CONVERSION = YES;
				CLANG_WARN_OBJC_IMPLICIT_RETAIN_SELF = YES;
				CLANG_WARN_OBJC_LITERAL_CONVERSION = YES;
				CLANG_WARN_OBJC_ROOT_CLASS = YES_ERROR;
				CLANG_WARN_RANGE_LOOP_ANALYSIS = YES;
				CLANG_WARN_STRICT_PROTOTYPES = YES;
				CLANG_WARN_SUSPICIOUS_MOVE = YES;
				CLANG_WARN_UNGUARDED_AVAILABILITY = YES_AGGRESSIVE;
				CLANG_WARN_UNREACHABLE_CODE = YES;
				CLANG_WARN__DUPLICATE_METHOD_MATCH = YES;
				CODE_SIGN_IDENTITY = "iPhone Developer";
				COPY_PHASE_STRIP = NO;
				DEBUG_INFORMATION_FORMAT = dwarf;
				ENABLE_STRICT_OBJC_MSGSEND = YES;
				ENABLE_TESTABILITY = YES;
				GCC_C_LANGUAGE_STANDARD = gnu11;
				GCC_DYNAMIC_NO_PIC = NO;
				GCC_NO_COMMON_BLOCKS = YES;
				GCC_OPTIMIZATION_LEVEL = 0;
				GCC_PREPROCESSOR_DEFINITIONS = (
					"DEBUG=1",
					"$(inherited)",
				);
				GCC_WARN_64_TO_32_BIT_CONVERSION = YES;
				GCC_WARN_ABOUT_RETURN_TYPE = YES_ERROR;
				GCC_WARN_UNDECLARED_SELECTOR = YES;
				GCC_WARN_UNINITIALIZED_AUTOS = YES_AGGRESSIVE;
				GCC_WARN_UNUSED_FUNCTION = YES;
				GCC_WARN_UNUSED_VARIABLE = YES;
				IPHONEOS_DEPLOYMENT_TARGET = 11.4;
				MTL_ENABLE_DEBUG_INFO = YES;
				ONLY_ACTIVE_ARCH = YES;
				SDKROOT = iphoneos;
				SWIFT_ACTIVE_COMPILATION_CONDITIONS = DEBUG;
				SWIFT_OPTIMIZATION_LEVEL = "-Onone";
			};
			name = Debug;
		};
		15D530692108DF8400090039 /* Release */ = {
			isa = XCBuildConfiguration;
			buildSettings = {
				ALWAYS_SEARCH_USER_PATHS = NO;
				CLANG_ANALYZER_NONNULL = YES;
				CLANG_ANALYZER_NUMBER_OBJECT_CONVERSION = YES_AGGRESSIVE;
				CLANG_CXX_LANGUAGE_STANDARD = "gnu++14";
				CLANG_CXX_LIBRARY = "libc++";
				CLANG_ENABLE_MODULES = YES;
				CLANG_ENABLE_OBJC_ARC = YES;
				CLANG_ENABLE_OBJC_WEAK = YES;
				CLANG_WARN_BLOCK_CAPTURE_AUTORELEASING = YES;
				CLANG_WARN_BOOL_CONVERSION = YES;
				CLANG_WARN_COMMA = YES;
				CLANG_WARN_CONSTANT_CONVERSION = YES;
				CLANG_WARN_DEPRECATED_OBJC_IMPLEMENTATIONS = YES;
				CLANG_WARN_DIRECT_OBJC_ISA_USAGE = YES_ERROR;
				CLANG_WARN_DOCUMENTATION_COMMENTS = YES;
				CLANG_WARN_EMPTY_BODY = YES;
				CLANG_WARN_ENUM_CONVERSION = YES;
				CLANG_WARN_INFINITE_RECURSION = YES;
				CLANG_WARN_INT_CONVERSION = YES;
				CLANG_WARN_NON_LITERAL_NULL_CONVERSION = YES;
				CLANG_WARN_OBJC_IMPLICIT_RETAIN_SELF = YES;
				CLANG_WARN_OBJC_LITERAL_CONVERSION = YES;
				CLANG_WARN_OBJC_ROOT_CLASS = YES_ERROR;
				CLANG_WARN_RANGE_LOOP_ANALYSIS = YES;
				CLANG_WARN_STRICT_PROTOTYPES = YES;
				CLANG_WARN_SUSPICIOUS_MOVE = YES;
				CLANG_WARN_UNGUARDED_AVAILABILITY = YES_AGGRESSIVE;
				CLANG_WARN_UNREACHABLE_CODE = YES;
				CLANG_WARN__DUPLICATE_METHOD_MATCH = YES;
				CODE_SIGN_IDENTITY = "iPhone Developer";
				COPY_PHASE_STRIP = NO;
				DEBUG_INFORMATION_FORMAT = "dwarf-with-dsym";
				ENABLE_NS_ASSERTIONS = NO;
				ENABLE_STRICT_OBJC_MSGSEND = YES;
				GCC_C_LANGUAGE_STANDARD = gnu11;
				GCC_NO_COMMON_BLOCKS = YES;
				GCC_WARN_64_TO_32_BIT_CONVERSION = YES;
				GCC_WARN_ABOUT_RETURN_TYPE = YES_ERROR;
				GCC_WARN_UNDECLARED_SELECTOR = YES;
				GCC_WARN_UNINITIALIZED_AUTOS = YES_AGGRESSIVE;
				GCC_WARN_UNUSED_FUNCTION = YES;
				GCC_WARN_UNUSED_VARIABLE = YES;
				IPHONEOS_DEPLOYMENT_TARGET = 11.4;
				MTL_ENABLE_DEBUG_INFO = NO;
				SDKROOT = iphoneos;
				SWIFT_COMPILATION_MODE = wholemodule;
				SWIFT_OPTIMIZATION_LEVEL = "-O";
				VALIDATE_PRODUCT = YES;
			};
			name = Release;
		};
		15D5306B2108DF8400090039 /* Debug */ = {
			isa = XCBuildConfiguration;
			baseConfigurationReference = 5D78C5892488D8C4B2AC6E05 /* Pods-GGULUE.debug.xcconfig */;
			buildSettings = {
				ASSETCATALOG_COMPILER_APPICON_NAME = AppIcon;
				CODE_SIGN_STYLE = Automatic;
				DEVELOPMENT_TEAM = K55646YJ4T;
				INFOPLIST_FILE = GGULUE/Info.plist;
				LD_RUNPATH_SEARCH_PATHS = (
					"$(inherited)",
					"@executable_path/Frameworks",
				);
				PRODUCT_BUNDLE_IDENTIFIER = GGULUE.GGULUE;
				PRODUCT_NAME = "$(TARGET_NAME)";
				SWIFT_VERSION = 4.0;
				TARGETED_DEVICE_FAMILY = "1,2";
			};
			name = Debug;
		};
		15D5306C2108DF8400090039 /* Release */ = {
			isa = XCBuildConfiguration;
			baseConfigurationReference = 62D721229DA15BDC8E79FAAF /* Pods-GGULUE.release.xcconfig */;
			buildSettings = {
				ASSETCATALOG_COMPILER_APPICON_NAME = AppIcon;
				CODE_SIGN_STYLE = Automatic;
				DEVELOPMENT_TEAM = K55646YJ4T;
				INFOPLIST_FILE = GGULUE/Info.plist;
				LD_RUNPATH_SEARCH_PATHS = (
					"$(inherited)",
					"@executable_path/Frameworks",
				);
				PRODUCT_BUNDLE_IDENTIFIER = GGULUE.GGULUE;
				PRODUCT_NAME = "$(TARGET_NAME)";
				SWIFT_VERSION = 4.0;
				TARGETED_DEVICE_FAMILY = "1,2";
			};
			name = Release;
		};
		15D5306E2108DF8400090039 /* Debug */ = {
			isa = XCBuildConfiguration;
			baseConfigurationReference = F6E8A28EDD05EAE61F6422ED /* Pods-GGULUETests.debug.xcconfig */;
			buildSettings = {
				ALWAYS_EMBED_SWIFT_STANDARD_LIBRARIES = YES;
				BUNDLE_LOADER = "$(TEST_HOST)";
				CODE_SIGN_STYLE = Automatic;
				INFOPLIST_FILE = GGULUETests/Info.plist;
				LD_RUNPATH_SEARCH_PATHS = (
					"$(inherited)",
					"@executable_path/Frameworks",
					"@loader_path/Frameworks",
				);
				PRODUCT_BUNDLE_IDENTIFIER = GGULUE.GGULUETests;
				PRODUCT_NAME = "$(TARGET_NAME)";
				SWIFT_VERSION = 4.0;
				TARGETED_DEVICE_FAMILY = "1,2";
				TEST_HOST = "$(BUILT_PRODUCTS_DIR)/GGULUE.app/GGULUE";
			};
			name = Debug;
		};
		15D5306F2108DF8400090039 /* Release */ = {
			isa = XCBuildConfiguration;
			baseConfigurationReference = 8AD70DE4A64483766466DC72 /* Pods-GGULUETests.release.xcconfig */;
			buildSettings = {
				ALWAYS_EMBED_SWIFT_STANDARD_LIBRARIES = YES;
				BUNDLE_LOADER = "$(TEST_HOST)";
				CODE_SIGN_STYLE = Automatic;
				INFOPLIST_FILE = GGULUETests/Info.plist;
				LD_RUNPATH_SEARCH_PATHS = (
					"$(inherited)",
					"@executable_path/Frameworks",
					"@loader_path/Frameworks",
				);
				PRODUCT_BUNDLE_IDENTIFIER = GGULUE.GGULUETests;
				PRODUCT_NAME = "$(TARGET_NAME)";
				SWIFT_VERSION = 4.0;
				TARGETED_DEVICE_FAMILY = "1,2";
				TEST_HOST = "$(BUILT_PRODUCTS_DIR)/GGULUE.app/GGULUE";
			};
			name = Release;
		};
		15D530712108DF8400090039 /* Debug */ = {
			isa = XCBuildConfiguration;
			baseConfigurationReference = 59891913DDAC69F2781ED064 /* Pods-GGULUEUITests.debug.xcconfig */;
			buildSettings = {
				ALWAYS_EMBED_SWIFT_STANDARD_LIBRARIES = YES;
				CODE_SIGN_STYLE = Automatic;
				INFOPLIST_FILE = GGULUEUITests/Info.plist;
				LD_RUNPATH_SEARCH_PATHS = (
					"$(inherited)",
					"@executable_path/Frameworks",
					"@loader_path/Frameworks",
				);
				PRODUCT_BUNDLE_IDENTIFIER = GGULUE.GGULUEUITests;
				PRODUCT_NAME = "$(TARGET_NAME)";
				SWIFT_VERSION = 4.0;
				TARGETED_DEVICE_FAMILY = "1,2";
				TEST_TARGET_NAME = GGULUE;
			};
			name = Debug;
		};
		15D530722108DF8400090039 /* Release */ = {
			isa = XCBuildConfiguration;
			baseConfigurationReference = F14FB466257E1AAD48E3786C /* Pods-GGULUEUITests.release.xcconfig */;
			buildSettings = {
				ALWAYS_EMBED_SWIFT_STANDARD_LIBRARIES = YES;
				CODE_SIGN_STYLE = Automatic;
				INFOPLIST_FILE = GGULUEUITests/Info.plist;
				LD_RUNPATH_SEARCH_PATHS = (
					"$(inherited)",
					"@executable_path/Frameworks",
					"@loader_path/Frameworks",
				);
				PRODUCT_BUNDLE_IDENTIFIER = GGULUE.GGULUEUITests;
				PRODUCT_NAME = "$(TARGET_NAME)";
				SWIFT_VERSION = 4.0;
				TARGETED_DEVICE_FAMILY = "1,2";
				TEST_TARGET_NAME = GGULUE;
			};
			name = Release;
		};
/* End XCBuildConfiguration section */

/* Begin XCConfigurationList section */
		15D5303D2108DF6200090039 /* Build configuration list for PBXProject "GGULUE" */ = {
			isa = XCConfigurationList;
			buildConfigurations = (
				15D530682108DF8400090039 /* Debug */,
				15D530692108DF8400090039 /* Release */,
			);
			defaultConfigurationIsVisible = 0;
			defaultConfigurationName = Release;
		};
		15D5306A2108DF8400090039 /* Build configuration list for PBXNativeTarget "GGULUE" */ = {
			isa = XCConfigurationList;
			buildConfigurations = (
				15D5306B2108DF8400090039 /* Debug */,
				15D5306C2108DF8400090039 /* Release */,
			);
			defaultConfigurationIsVisible = 0;
			defaultConfigurationName = Release;
		};
		15D5306D2108DF8400090039 /* Build configuration list for PBXNativeTarget "GGULUETests" */ = {
			isa = XCConfigurationList;
			buildConfigurations = (
				15D5306E2108DF8400090039 /* Debug */,
				15D5306F2108DF8400090039 /* Release */,
			);
			defaultConfigurationIsVisible = 0;
			defaultConfigurationName = Release;
		};
		15D530702108DF8400090039 /* Build configuration list for PBXNativeTarget "GGULUEUITests" */ = {
			isa = XCConfigurationList;
			buildConfigurations = (
				15D530712108DF8400090039 /* Debug */,
				15D530722108DF8400090039 /* Release */,
			);
			defaultConfigurationIsVisible = 0;
			defaultConfigurationName = Release;
		};
/* End XCConfigurationList section */
	};
	rootObject = 15D5303A2108DF6200090039 /* Project object */;
}
