// !$*UTF8*$!
{
	archiveVersion = 1;
	classes = {
	};
	objectVersion = 50;
	objects = {

/* Begin PBXBuildFile section */
		198612E32107110200CEA5DA /* TableViewController-firstscene.swift in Sources */ = {isa = PBXBuildFile; fileRef = 198612E22107110200CEA5DA /* TableViewController-firstscene.swift */; };
		19BB13A420FDD3B60069C24C /* AppDelegate.swift in Sources */ = {isa = PBXBuildFile; fileRef = 19BB13A320FDD3B60069C24C /* AppDelegate.swift */; };
		19BB13A620FDD3B60069C24C /* ViewController.swift in Sources */ = {isa = PBXBuildFile; fileRef = 19BB13A520FDD3B60069C24C /* ViewController.swift */; };
		19BB13A920FDD3B60069C24C /* Main.storyboard in Resources */ = {isa = PBXBuildFile; fileRef = 19BB13A720FDD3B60069C24C /* Main.storyboard */; };
		19BB13AB20FDD3B70069C24C /* Assets.xcassets in Resources */ = {isa = PBXBuildFile; fileRef = 19BB13AA20FDD3B70069C24C /* Assets.xcassets */; };
		19BB13AE20FDD3B70069C24C /* LaunchScreen.storyboard in Resources */ = {isa = PBXBuildFile; fileRef = 19BB13AC20FDD3B70069C24C /* LaunchScreen.storyboard */; };
		19BB13B920FDD3B80069C24C /* GGULUETests.swift in Sources */ = {isa = PBXBuildFile; fileRef = 19BB13B820FDD3B80069C24C /* GGULUETests.swift */; };
		19BB13C420FDD3B80069C24C /* GGULUEUITests.swift in Sources */ = {isa = PBXBuildFile; fileRef = 19BB13C320FDD3B80069C24C /* GGULUEUITests.swift */; };
/* End PBXBuildFile section */

/* Begin PBXContainerItemProxy section */
		19BB13B520FDD3B80069C24C /* PBXContainerItemProxy */ = {
			isa = PBXContainerItemProxy;
			containerPortal = 19BB139820FDD3B60069C24C /* Project object */;
			proxyType = 1;
			remoteGlobalIDString = 19BB139F20FDD3B60069C24C;
			remoteInfo = GGULUE;
		};
		19BB13C020FDD3B80069C24C /* PBXContainerItemProxy */ = {
			isa = PBXContainerItemProxy;
			containerPortal = 19BB139820FDD3B60069C24C /* Project object */;
			proxyType = 1;
			remoteGlobalIDString = 19BB139F20FDD3B60069C24C;
			remoteInfo = GGULUE;
		};
/* End PBXContainerItemProxy section */

/* Begin PBXFileReference section */
		198612E22107110200CEA5DA /* TableViewController-firstscene.swift */ = {isa = PBXFileReference; lastKnownFileType = sourcecode.swift; path = "TableViewController-firstscene.swift"; sourceTree = "<group>"; };
		19BB13A020FDD3B60069C24C /* GGULUE.app */ = {isa = PBXFileReference; explicitFileType = wrapper.application; includeInIndex = 0; path = GGULUE.app; sourceTree = BUILT_PRODUCTS_DIR; };
		19BB13A320FDD3B60069C24C /* AppDelegate.swift */ = {isa = PBXFileReference; lastKnownFileType = sourcecode.swift; path = AppDelegate.swift; sourceTree = "<group>"; };
		19BB13A520FDD3B60069C24C /* ViewController.swift */ = {isa = PBXFileReference; lastKnownFileType = sourcecode.swift; path = ViewController.swift; sourceTree = "<group>"; };
		19BB13A820FDD3B60069C24C /* Base */ = {isa = PBXFileReference; lastKnownFileType = file.storyboard; name = Base; path = Base.lproj/Main.storyboard; sourceTree = "<group>"; };
		19BB13AA20FDD3B70069C24C /* Assets.xcassets */ = {isa = PBXFileReference; lastKnownFileType = folder.assetcatalog; path = Assets.xcassets; sourceTree = "<group>"; };
		19BB13AD20FDD3B70069C24C /* Base */ = {isa = PBXFileReference; lastKnownFileType = file.storyboard; name = Base; path = Base.lproj/LaunchScreen.storyboard; sourceTree = "<group>"; };
		19BB13AF20FDD3B70069C24C /* Info.plist */ = {isa = PBXFileReference; lastKnownFileType = text.plist.xml; path = Info.plist; sourceTree = "<group>"; };
		19BB13B420FDD3B80069C24C /* GGULUETests.xctest */ = {isa = PBXFileReference; explicitFileType = wrapper.cfbundle; includeInIndex = 0; path = GGULUETests.xctest; sourceTree = BUILT_PRODUCTS_DIR; };
		19BB13B820FDD3B80069C24C /* GGULUETests.swift */ = {isa = PBXFileReference; lastKnownFileType = sourcecode.swift; path = GGULUETests.swift; sourceTree = "<group>"; };
		19BB13BA20FDD3B80069C24C /* Info.plist */ = {isa = PBXFileReference; lastKnownFileType = text.plist.xml; path = Info.plist; sourceTree = "<group>"; };
		19BB13BF20FDD3B80069C24C /* GGULUEUITests.xctest */ = {isa = PBXFileReference; explicitFileType = wrapper.cfbundle; includeInIndex = 0; path = GGULUEUITests.xctest; sourceTree = BUILT_PRODUCTS_DIR; };
		19BB13C320FDD3B80069C24C /* GGULUEUITests.swift */ = {isa = PBXFileReference; lastKnownFileType = sourcecode.swift; path = GGULUEUITests.swift; sourceTree = "<group>"; };
		19BB13C520FDD3B80069C24C /* Info.plist */ = {isa = PBXFileReference; lastKnownFileType = text.plist.xml; path = Info.plist; sourceTree = "<group>"; };
/* End PBXFileReference section */

/* Begin PBXFrameworksBuildPhase section */
		19BB139D20FDD3B60069C24C /* Frameworks */ = {
			isa = PBXFrameworksBuildPhase;
			buildActionMask = 2147483647;
			files = (
			);
			runOnlyForDeploymentPostprocessing = 0;
		};
		19BB13B120FDD3B80069C24C /* Frameworks */ = {
			isa = PBXFrameworksBuildPhase;
			buildActionMask = 2147483647;
			files = (
			);
			runOnlyForDeploymentPostprocessing = 0;
		};
		19BB13BC20FDD3B80069C24C /* Frameworks */ = {
			isa = PBXFrameworksBuildPhase;
			buildActionMask = 2147483647;
			files = (
			);
			runOnlyForDeploymentPostprocessing = 0;
		};
/* End PBXFrameworksBuildPhase section */

/* Begin PBXGroup section */
		19BB139720FDD3B60069C24C = {
			isa = PBXGroup;
			children = (
				19BB13A220FDD3B60069C24C /* GGULUE */,
				19BB13B720FDD3B80069C24C /* GGULUETests */,
				19BB13C220FDD3B80069C24C /* GGULUEUITests */,
				19BB13A120FDD3B60069C24C /* Products */,
			);
			sourceTree = "<group>";
		};
		19BB13A120FDD3B60069C24C /* Products */ = {
			isa = PBXGroup;
			children = (
				19BB13A020FDD3B60069C24C /* GGULUE.app */,
				19BB13B420FDD3B80069C24C /* GGULUETests.xctest */,
				19BB13BF20FDD3B80069C24C /* GGULUEUITests.xctest */,
			);
			name = Products;
			sourceTree = "<group>";
		};
		19BB13A220FDD3B60069C24C /* GGULUE */ = {
			isa = PBXGroup;
			children = (
				19BB13A320FDD3B60069C24C /* AppDelegate.swift */,
				19BB13A520FDD3B60069C24C /* ViewController.swift */,
				19BB13A720FDD3B60069C24C /* Main.storyboard */,
				19BB13AA20FDD3B70069C24C /* Assets.xcassets */,
				19BB13AC20FDD3B70069C24C /* LaunchScreen.storyboard */,
				198612E22107110200CEA5DA /* TableViewController-firstscene.swift */,
				19BB13AF20FDD3B70069C24C /* Info.plist */,
			);
			path = GGULUE;
			sourceTree = "<group>";
		};
		19BB13B720FDD3B80069C24C /* GGULUETests */ = {
			isa = PBXGroup;
			children = (
				19BB13B820FDD3B80069C24C /* GGULUETests.swift */,
				19BB13BA20FDD3B80069C24C /* Info.plist */,
			);
			path = GGULUETests;
			sourceTree = "<group>";
		};
		19BB13C220FDD3B80069C24C /* GGULUEUITests */ = {
			isa = PBXGroup;
			children = (
				19BB13C320FDD3B80069C24C /* GGULUEUITests.swift */,
				19BB13C520FDD3B80069C24C /* Info.plist */,
			);
			path = GGULUEUITests;
			sourceTree = "<group>";
		};
/* End PBXGroup section */

/* Begin PBXNativeTarget section */
		19BB139F20FDD3B60069C24C /* GGULUE */ = {
			isa = PBXNativeTarget;
			buildConfigurationList = 19BB13C820FDD3B80069C24C /* Build configuration list for PBXNativeTarget "GGULUE" */;
			buildPhases = (
				19BB139C20FDD3B60069C24C /* Sources */,
				19BB139D20FDD3B60069C24C /* Frameworks */,
				19BB139E20FDD3B60069C24C /* Resources */,
			);
			buildRules = (
			);
			dependencies = (
			);
			name = GGULUE;
			productName = GGULUE;
			productReference = 19BB13A020FDD3B60069C24C /* GGULUE.app */;
			productType = "com.apple.product-type.application";
		};
		19BB13B320FDD3B80069C24C /* GGULUETests */ = {
			isa = PBXNativeTarget;
			buildConfigurationList = 19BB13CB20FDD3B80069C24C /* Build configuration list for PBXNativeTarget "GGULUETests" */;
			buildPhases = (
				19BB13B020FDD3B80069C24C /* Sources */,
				19BB13B120FDD3B80069C24C /* Frameworks */,
				19BB13B220FDD3B80069C24C /* Resources */,
			);
			buildRules = (
			);
			dependencies = (
				19BB13B620FDD3B80069C24C /* PBXTargetDependency */,
			);
			name = GGULUETests;
			productName = GGULUETests;
			productReference = 19BB13B420FDD3B80069C24C /* GGULUETests.xctest */;
			productType = "com.apple.product-type.bundle.unit-test";
		};
		19BB13BE20FDD3B80069C24C /* GGULUEUITests */ = {
			isa = PBXNativeTarget;
			buildConfigurationList = 19BB13CE20FDD3B80069C24C /* Build configuration list for PBXNativeTarget "GGULUEUITests" */;
			buildPhases = (
				19BB13BB20FDD3B80069C24C /* Sources */,
				19BB13BC20FDD3B80069C24C /* Frameworks */,
				19BB13BD20FDD3B80069C24C /* Resources */,
			);
			buildRules = (
			);
			dependencies = (
				19BB13C120FDD3B80069C24C /* PBXTargetDependency */,
			);
			name = GGULUEUITests;
			productName = GGULUEUITests;
			productReference = 19BB13BF20FDD3B80069C24C /* GGULUEUITests.xctest */;
			productType = "com.apple.product-type.bundle.ui-testing";
		};
/* End PBXNativeTarget section */

/* Begin PBXProject section */
		19BB139820FDD3B60069C24C /* Project object */ = {
			isa = PBXProject;
			attributes = {
				LastSwiftUpdateCheck = 0940;
				LastUpgradeCheck = 0940;
				ORGANIZATIONNAME = "Eujeong's MacBook Pro";
				TargetAttributes = {
					19BB139F20FDD3B60069C24C = {
						CreatedOnToolsVersion = 9.4.1;
					};
					19BB13B320FDD3B80069C24C = {
						CreatedOnToolsVersion = 9.4.1;
						TestTargetID = 19BB139F20FDD3B60069C24C;
					};
					19BB13BE20FDD3B80069C24C = {
						CreatedOnToolsVersion = 9.4.1;
						TestTargetID = 19BB139F20FDD3B60069C24C;
					};
				};
			};
			buildConfigurationList = 19BB139B20FDD3B60069C24C /* Build configuration list for PBXProject "GGULUE" */;
			compatibilityVersion = "Xcode 9.3";
			developmentRegion = en;
			hasScannedForEncodings = 0;
			knownRegions = (
				en,
				Base,
			);
			mainGroup = 19BB139720FDD3B60069C24C;
			productRefGroup = 19BB13A120FDD3B60069C24C /* Products */;
			projectDirPath = "";
			projectRoot = "";
			targets = (
				19BB139F20FDD3B60069C24C /* GGULUE */,
				19BB13B320FDD3B80069C24C /* GGULUETests */,
				19BB13BE20FDD3B80069C24C /* GGULUEUITests */,
			);
		};
/* End PBXProject section */

/* Begin PBXResourcesBuildPhase section */
		19BB139E20FDD3B60069C24C /* Resources */ = {
			isa = PBXResourcesBuildPhase;
			buildActionMask = 2147483647;
			files = (
				19BB13AE20FDD3B70069C24C /* LaunchScreen.storyboard in Resources */,
				19BB13AB20FDD3B70069C24C /* Assets.xcassets in Resources */,
				19BB13A920FDD3B60069C24C /* Main.storyboard in Resources */,
			);
			runOnlyForDeploymentPostprocessing = 0;
		};
		19BB13B220FDD3B80069C24C /* Resources */ = {
			isa = PBXResourcesBuildPhase;
			buildActionMask = 2147483647;
			files = (
			);
			runOnlyForDeploymentPostprocessing = 0;
		};
		19BB13BD20FDD3B80069C24C /* Resources */ = {
			isa = PBXResourcesBuildPhase;
			buildActionMask = 2147483647;
			files = (
			);
			runOnlyForDeploymentPostprocessing = 0;
		};
/* End PBXResourcesBuildPhase section */

/* Begin PBXSourcesBuildPhase section */
		19BB139C20FDD3B60069C24C /* Sources */ = {
			isa = PBXSourcesBuildPhase;
			buildActionMask = 2147483647;
			files = (
				19BB13A620FDD3B60069C24C /* ViewController.swift in Sources */,
				198612E32107110200CEA5DA /* TableViewController-firstscene.swift in Sources */,
				19BB13A420FDD3B60069C24C /* AppDelegate.swift in Sources */,
			);
			runOnlyForDeploymentPostprocessing = 0;
		};
		19BB13B020FDD3B80069C24C /* Sources */ = {
			isa = PBXSourcesBuildPhase;
			buildActionMask = 2147483647;
			files = (
				19BB13B920FDD3B80069C24C /* GGULUETests.swift in Sources */,
			);
			runOnlyForDeploymentPostprocessing = 0;
		};
		19BB13BB20FDD3B80069C24C /* Sources */ = {
			isa = PBXSourcesBuildPhase;
			buildActionMask = 2147483647;
			files = (
				19BB13C420FDD3B80069C24C /* GGULUEUITests.swift in Sources */,
			);
			runOnlyForDeploymentPostprocessing = 0;
		};
/* End PBXSourcesBuildPhase section */

/* Begin PBXTargetDependency section */
		19BB13B620FDD3B80069C24C /* PBXTargetDependency */ = {
			isa = PBXTargetDependency;
			target = 19BB139F20FDD3B60069C24C /* GGULUE */;
			targetProxy = 19BB13B520FDD3B80069C24C /* PBXContainerItemProxy */;
		};
		19BB13C120FDD3B80069C24C /* PBXTargetDependency */ = {
			isa = PBXTargetDependency;
			target = 19BB139F20FDD3B60069C24C /* GGULUE */;
			targetProxy = 19BB13C020FDD3B80069C24C /* PBXContainerItemProxy */;
		};
/* End PBXTargetDependency section */

/* Begin PBXVariantGroup section */
		19BB13A720FDD3B60069C24C /* Main.storyboard */ = {
			isa = PBXVariantGroup;
			children = (
				19BB13A820FDD3B60069C24C /* Base */,
			);
			name = Main.storyboard;
			sourceTree = "<group>";
		};
		19BB13AC20FDD3B70069C24C /* LaunchScreen.storyboard */ = {
			isa = PBXVariantGroup;
			children = (
				19BB13AD20FDD3B70069C24C /* Base */,
			);
			name = LaunchScreen.storyboard;
			sourceTree = "<group>";
		};
/* End PBXVariantGroup section */

/* Begin XCBuildConfiguration section */
		19BB13C620FDD3B80069C24C /* Debug */ = {
			isa = XCBuildConfiguration;
			buildSettings = {
				ALWAYS_SEARCH_USER_PATHS = NO;
				CLANG_ANALYZER_NONNULL = YES;
				CLANG_ANALYZER_NUMBER_OBJECT_CONVERSION = YES_AGGRESSIVE;
				CLANG_CXX_LANGUAGE_STANDARD = "gnu++14";
				CLANG_CXX_LIBRARY = "libc++";
				CLANG_ENABLE_MODULES = YES;
				CLANG_ENABLE_OBJC_ARC = YES;
				CLANG_ENABLE_OBJC_WEAK = YES;
				CLANG_WARN_BLOCK_CAPTURE_AUTORELEASING = YES;
				CLANG_WARN_BOOL_CONVERSION = YES;
				CLANG_WARN_COMMA = YES;
				CLANG_WARN_CONSTANT_CONVERSION = YES;
				CLANG_WARN_DEPRECATED_OBJC_IMPLEMENTATIONS = YES;
				CLANG_WARN_DIRECT_OBJC_ISA_USAGE = YES_ERROR;
				CLANG_WARN_DOCUMENTATION_COMMENTS = YES;
				CLANG_WARN_EMPTY_BODY = YES;
				CLANG_WARN_ENUM_CONVERSION = YES;
				CLANG_WARN_INFINITE_RECURSION = YES;
				CLANG_WARN_INT_CONVERSION = YES;
				CLANG_WARN_NON_LITERAL_NULL_CONVERSION = YES;
				CLANG_WARN_OBJC_IMPLICIT_RETAIN_SELF = YES;
				CLANG_WARN_OBJC_LITERAL_CONVERSION = YES;
				CLANG_WARN_OBJC_ROOT_CLASS = YES_ERROR;
				CLANG_WARN_RANGE_LOOP_ANALYSIS = YES;
				CLANG_WARN_STRICT_PROTOTYPES = YES;
				CLANG_WARN_SUSPICIOUS_MOVE = YES;
				CLANG_WARN_UNGUARDED_AVAILABILITY = YES_AGGRESSIVE;
				CLANG_WARN_UNREACHABLE_CODE = YES;
				CLANG_WARN__DUPLICATE_METHOD_MATCH = YES;
				CODE_SIGN_IDENTITY = "iPhone Developer";
				COPY_PHASE_STRIP = NO;
				DEBUG_INFORMATION_FORMAT = dwarf;
				ENABLE_STRICT_OBJC_MSGSEND = YES;
				ENABLE_TESTABILITY = YES;
				GCC_C_LANGUAGE_STANDARD = gnu11;
				GCC_DYNAMIC_NO_PIC = NO;
				GCC_NO_COMMON_BLOCKS = YES;
				GCC_OPTIMIZATION_LEVEL = 0;
				GCC_PREPROCESSOR_DEFINITIONS = (
					"DEBUG=1",
					"$(inherited)",
				);
				GCC_WARN_64_TO_32_BIT_CONVERSION = YES;
				GCC_WARN_ABOUT_RETURN_TYPE = YES_ERROR;
				GCC_WARN_UNDECLARED_SELECTOR = YES;
				GCC_WARN_UNINITIALIZED_AUTOS = YES_AGGRESSIVE;
				GCC_WARN_UNUSED_FUNCTION = YES;
				GCC_WARN_UNUSED_VARIABLE = YES;
				IPHONEOS_DEPLOYMENT_TARGET = 11.4;
				MTL_ENABLE_DEBUG_INFO = YES;
				ONLY_ACTIVE_ARCH = YES;
				SDKROOT = iphoneos;
				SWIFT_ACTIVE_COMPILATION_CONDITIONS = DEBUG;
				SWIFT_OPTIMIZATION_LEVEL = "-Onone";
			};
			name = Debug;
		};
		19BB13C720FDD3B80069C24C /* Release */ = {
			isa = XCBuildConfiguration;
			buildSettings = {
				ALWAYS_SEARCH_USER_PATHS = NO;
				CLANG_ANALYZER_NONNULL = YES;
				CLANG_ANALYZER_NUMBER_OBJECT_CONVERSION = YES_AGGRESSIVE;
				CLANG_CXX_LANGUAGE_STANDARD = "gnu++14";
				CLANG_CXX_LIBRARY = "libc++";
				CLANG_ENABLE_MODULES = YES;
				CLANG_ENABLE_OBJC_ARC = YES;
				CLANG_ENABLE_OBJC_WEAK = YES;
				CLANG_WARN_BLOCK_CAPTURE_AUTORELEASING = YES;
				CLANG_WARN_BOOL_CONVERSION = YES;
				CLANG_WARN_COMMA = YES;
				CLANG_WARN_CONSTANT_CONVERSION = YES;
				CLANG_WARN_DEPRECATED_OBJC_IMPLEMENTATIONS = YES;
				CLANG_WARN_DIRECT_OBJC_ISA_USAGE = YES_ERROR;
				CLANG_WARN_DOCUMENTATION_COMMENTS = YES;
				CLANG_WARN_EMPTY_BODY = YES;
				CLANG_WARN_ENUM_CONVERSION = YES;
				CLANG_WARN_INFINITE_RECURSION = YES;
				CLANG_WARN_INT_CONVERSION = YES;
				CLANG_WARN_NON_LITERAL_NULL_CONVERSION = YES;
				CLANG_WARN_OBJC_IMPLICIT_RETAIN_SELF = YES;
				CLANG_WARN_OBJC_LITERAL_CONVERSION = YES;
				CLANG_WARN_OBJC_ROOT_CLASS = YES_ERROR;
				CLANG_WARN_RANGE_LOOP_ANALYSIS = YES;
				CLANG_WARN_STRICT_PROTOTYPES = YES;
				CLANG_WARN_SUSPICIOUS_MOVE = YES;
				CLANG_WARN_UNGUARDED_AVAILABILITY = YES_AGGRESSIVE;
				CLANG_WARN_UNREACHABLE_CODE = YES;
				CLANG_WARN__DUPLICATE_METHOD_MATCH = YES;
				CODE_SIGN_IDENTITY = "iPhone Developer";
				COPY_PHASE_STRIP = NO;
				DEBUG_INFORMATION_FORMAT = "dwarf-with-dsym";
				ENABLE_NS_ASSERTIONS = NO;
				ENABLE_STRICT_OBJC_MSGSEND = YES;
				GCC_C_LANGUAGE_STANDARD = gnu11;
				GCC_NO_COMMON_BLOCKS = YES;
				GCC_WARN_64_TO_32_BIT_CONVERSION = YES;
				GCC_WARN_ABOUT_RETURN_TYPE = YES_ERROR;
				GCC_WARN_UNDECLARED_SELECTOR = YES;
				GCC_WARN_UNINITIALIZED_AUTOS = YES_AGGRESSIVE;
				GCC_WARN_UNUSED_FUNCTION = YES;
				GCC_WARN_UNUSED_VARIABLE = YES;
				IPHONEOS_DEPLOYMENT_TARGET = 11.4;
				MTL_ENABLE_DEBUG_INFO = NO;
				SDKROOT = iphoneos;
				SWIFT_COMPILATION_MODE = wholemodule;
				SWIFT_OPTIMIZATION_LEVEL = "-O";
				VALIDATE_PRODUCT = YES;
			};
			name = Release;
		};
		19BB13C920FDD3B80069C24C /* Debug */ = {
			isa = XCBuildConfiguration;
			buildSettings = {
				ASSETCATALOG_COMPILER_APPICON_NAME = AppIcon;
				CODE_SIGN_STYLE = Automatic;
				DEVELOPMENT_TEAM = K55646YJ4T;
				INFOPLIST_FILE = GGULUE/Info.plist;
				LD_RUNPATH_SEARCH_PATHS = (
					"$(inherited)",
					"@executable_path/Frameworks",
				);
				PRODUCT_BUNDLE_IDENTIFIER = initiative.GGULUE;
				PRODUCT_NAME = "$(TARGET_NAME)";
				SWIFT_VERSION = 4.0;
				TARGETED_DEVICE_FAMILY = "1,2";
			};
			name = Debug;
		};
		19BB13CA20FDD3B80069C24C /* Release */ = {
			isa = XCBuildConfiguration;
			buildSettings = {
				ASSETCATALOG_COMPILER_APPICON_NAME = AppIcon;
				CODE_SIGN_STYLE = Automatic;
				DEVELOPMENT_TEAM = K55646YJ4T;
				INFOPLIST_FILE = GGULUE/Info.plist;
				LD_RUNPATH_SEARCH_PATHS = (
					"$(inherited)",
					"@executable_path/Frameworks",
				);
				PRODUCT_BUNDLE_IDENTIFIER = initiative.GGULUE;
				PRODUCT_NAME = "$(TARGET_NAME)";
				SWIFT_VERSION = 4.0;
				TARGETED_DEVICE_FAMILY = "1,2";
			};
			name = Release;
		};
		19BB13CC20FDD3B80069C24C /* Debug */ = {
			isa = XCBuildConfiguration;
			buildSettings = {
				ALWAYS_EMBED_SWIFT_STANDARD_LIBRARIES = YES;
				BUNDLE_LOADER = "$(TEST_HOST)";
				CODE_SIGN_STYLE = Automatic;
				DEVELOPMENT_TEAM = K55646YJ4T;
				INFOPLIST_FILE = GGULUETests/Info.plist;
				LD_RUNPATH_SEARCH_PATHS = (
					"$(inherited)",
					"@executable_path/Frameworks",
					"@loader_path/Frameworks",
				);
				PRODUCT_BUNDLE_IDENTIFIER = initiative.GGULUETests;
				PRODUCT_NAME = "$(TARGET_NAME)";
				SWIFT_VERSION = 4.0;
				TARGETED_DEVICE_FAMILY = "1,2";
				TEST_HOST = "$(BUILT_PRODUCTS_DIR)/GGULUE.app/GGULUE";
			};
			name = Debug;
		};
		19BB13CD20FDD3B80069C24C /* Release */ = {
			isa = XCBuildConfiguration;
			buildSettings = {
				ALWAYS_EMBED_SWIFT_STANDARD_LIBRARIES = YES;
				BUNDLE_LOADER = "$(TEST_HOST)";
				CODE_SIGN_STYLE = Automatic;
				DEVELOPMENT_TEAM = K55646YJ4T;
				INFOPLIST_FILE = GGULUETests/Info.plist;
				LD_RUNPATH_SEARCH_PATHS = (
					"$(inherited)",
					"@executable_path/Frameworks",
					"@loader_path/Frameworks",
				);
				PRODUCT_BUNDLE_IDENTIFIER = initiative.GGULUETests;
				PRODUCT_NAME = "$(TARGET_NAME)";
				SWIFT_VERSION = 4.0;
				TARGETED_DEVICE_FAMILY = "1,2";
				TEST_HOST = "$(BUILT_PRODUCTS_DIR)/GGULUE.app/GGULUE";
			};
			name = Release;
		};
		19BB13CF20FDD3B80069C24C /* Debug */ = {
			isa = XCBuildConfiguration;
			buildSettings = {
				ALWAYS_EMBED_SWIFT_STANDARD_LIBRARIES = YES;
				CODE_SIGN_STYLE = Automatic;
				DEVELOPMENT_TEAM = K55646YJ4T;
				INFOPLIST_FILE = GGULUEUITests/Info.plist;
				LD_RUNPATH_SEARCH_PATHS = (
					"$(inherited)",
					"@executable_path/Frameworks",
					"@loader_path/Frameworks",
				);
				PRODUCT_BUNDLE_IDENTIFIER = initiative.GGULUEUITests;
				PRODUCT_NAME = "$(TARGET_NAME)";
				SWIFT_VERSION = 4.0;
				TARGETED_DEVICE_FAMILY = "1,2";
				TEST_TARGET_NAME = GGULUE;
			};
			name = Debug;
		};
		19BB13D020FDD3B80069C24C /* Release */ = {
			isa = XCBuildConfiguration;
			buildSettings = {
				ALWAYS_EMBED_SWIFT_STANDARD_LIBRARIES = YES;
				CODE_SIGN_STYLE = Automatic;
				DEVELOPMENT_TEAM = K55646YJ4T;
				INFOPLIST_FILE = GGULUEUITests/Info.plist;
				LD_RUNPATH_SEARCH_PATHS = (
					"$(inherited)",
					"@executable_path/Frameworks",
					"@loader_path/Frameworks",
				);
				PRODUCT_BUNDLE_IDENTIFIER = initiative.GGULUEUITests;
				PRODUCT_NAME = "$(TARGET_NAME)";
				SWIFT_VERSION = 4.0;
				TARGETED_DEVICE_FAMILY = "1,2";
				TEST_TARGET_NAME = GGULUE;
			};
			name = Release;
		};
/* End XCBuildConfiguration section */

/* Begin XCConfigurationList section */
		19BB139B20FDD3B60069C24C /* Build configuration list for PBXProject "GGULUE" */ = {
			isa = XCConfigurationList;
			buildConfigurations = (
				19BB13C620FDD3B80069C24C /* Debug */,
				19BB13C720FDD3B80069C24C /* Release */,
			);
			defaultConfigurationIsVisible = 0;
			defaultConfigurationName = Release;
		};
		19BB13C820FDD3B80069C24C /* Build configuration list for PBXNativeTarget "GGULUE" */ = {
			isa = XCConfigurationList;
			buildConfigurations = (
				19BB13C920FDD3B80069C24C /* Debug */,
				19BB13CA20FDD3B80069C24C /* Release */,
			);
			defaultConfigurationIsVisible = 0;
			defaultConfigurationName = Release;
		};
		19BB13CB20FDD3B80069C24C /* Build configuration list for PBXNativeTarget "GGULUETests" */ = {
			isa = XCConfigurationList;
			buildConfigurations = (
				19BB13CC20FDD3B80069C24C /* Debug */,
				19BB13CD20FDD3B80069C24C /* Release */,
			);
			defaultConfigurationIsVisible = 0;
			defaultConfigurationName = Release;
		};
		19BB13CE20FDD3B80069C24C /* Build configuration list for PBXNativeTarget "GGULUEUITests" */ = {
			isa = XCConfigurationList;
			buildConfigurations = (
				19BB13CF20FDD3B80069C24C /* Debug */,
				19BB13D020FDD3B80069C24C /* Release */,
			);
			defaultConfigurationIsVisible = 0;
			defaultConfigurationName = Release;
		};
/* End XCConfigurationList section */
	};
	rootObject = 19BB139820FDD3B60069C24C /* Project object */;
}
